PODS:
  - JPSVolumeButtonHandler (1.0.5)

DEPENDENCIES:
  - JPSVolumeButtonHandler (~> 1.0)

SPEC REPOS:
  trunk:
    - JPSVolumeButtonHandler

SPEC CHECKSUMS:
  JPSVolumeButtonHandler: 53110330c9168ed325def93eabff39f0fe3e8082

PODFILE CHECKSUM: 31790e87314fc2446c7a11f508eeca0a294aee77

COCOAPODS: 1.15.2
