// !$*UTF8*$!
{
	archiveVersion = 1;
	classes = {
	};
	objectVersion = 46;
	objects = {

/* Begin PBXBuildFile section */
		6BE4CB150363EE805A66A7C1 /* Pods_Home_Movies.framework in Frameworks */ = {isa = PBXBuildFile; fileRef = D9247002F4AE63EFAD8A5645 /* Pods_Home_Movies.framework */; };
		7855FC211C87AFC800704231 /* VideoPlayerController.swift in Sources */ = {isa = PBXBuildFile; fileRef = 7855FC201C87AFC800704231 /* VideoPlayerController.swift */; };
		7855FC221C87B6AA00704231 /* Home.storyboard in Resources */ = {isa = PBXBuildFile; fileRef = BD92A05C1C440755008ABFC5 /* Home.storyboard */; };
		7855FC231C87B6AF00704231 /* Record.storyboard in Resources */ = {isa = PBXBuildFile; fileRef = BDE7623E1BD1839D008B74F7 /* Record.storyboard */; };
		78D7629F1C85E00500797980 /* AVFoundation.framework in Frameworks */ = {isa = PBXBuildFile; fileRef = 78D7629E1C85E00500797980 /* AVFoundation.framework */; };
		BD1B09AB1C5E97B6007F4A06 /* iphone6p.mov in Resources */ = {isa = PBXBuildFile; fileRef = BD1B09AA1C5E97B6007F4A06 /* iphone6p.mov */; };
		BD1B09AD1C5E994C007F4A06 /* iphone6.mov in Resources */ = {isa = PBXBuildFile; fileRef = BD1B09AC1C5E994B007F4A06 /* iphone6.mov */; };
		BD1B09AF1C5E9977007F4A06 /* iphone5.mov in Resources */ = {isa = PBXBuildFile; fileRef = BD1B09AE1C5E9977007F4A06 /* iphone5.mov */; };
		BD1B09B11C5E99A7007F4A06 /* iphone4sbelow.mov in Resources */ = {isa = PBXBuildFile; fileRef = BD1B09B01C5E99A7007F4A06 /* iphone4sbelow.mov */; };
		BD762F721BD17BDD003AEA6E /* Assets.xcassets in Resources */ = {isa = PBXBuildFile; fileRef = BD762F711BD17BDD003AEA6E /* Assets.xcassets */; };
		BD762F751BD17BDD003AEA6E /* LaunchScreen.storyboard in Resources */ = {isa = PBXBuildFile; fileRef = BD762F731BD17BDD003AEA6E /* LaunchScreen.storyboard */; };
		BD762F801BD17BDD003AEA6E /* Home_MoviesTests.swift in Sources */ = {isa = PBXBuildFile; fileRef = BD762F7F1BD17BDD003AEA6E /* Home_MoviesTests.swift */; };
		BD762F8B1BD17BDD003AEA6E /* Home_MoviesUITests.swift in Sources */ = {isa = PBXBuildFile; fileRef = BD762F8A1BD17BDD003AEA6E /* Home_MoviesUITests.swift */; };
		BD92A0591C44061B008ABFC5 /* HomeViewController.swift in Sources */ = {isa = PBXBuildFile; fileRef = BD92A0581C44061B008ABFC5 /* HomeViewController.swift */; };
		BDE762331BD18362008B74F7 /* AppDelegate.swift in Sources */ = {isa = PBXBuildFile; fileRef = BDE762281BD18362008B74F7 /* AppDelegate.swift */; };
		BDE762381BD18362008B74F7 /* RecordButtonView.swift in Sources */ = {isa = PBXBuildFile; fileRef = BDE7622D1BD18362008B74F7 /* RecordButtonView.swift */; };
		BDE762391BD18362008B74F7 /* UIDeviceExtension.swift in Sources */ = {isa = PBXBuildFile; fileRef = BDE7622E1BD18362008B74F7 /* UIDeviceExtension.swift */; };
		BDE7623A1BD18362008B74F7 /* Upload-50.png in Resources */ = {isa = PBXBuildFile; fileRef = BDE7622F1BD18362008B74F7 /* Upload-50.png */; };
		BDE7623B1BD18362008B74F7 /* Utils.swift in Sources */ = {isa = PBXBuildFile; fileRef = BDE762301BD18362008B74F7 /* Utils.swift */; };
		BDE7623C1BD18362008B74F7 /* VideoView.swift in Sources */ = {isa = PBXBuildFile; fileRef = BDE762311BD18362008B74F7 /* VideoView.swift */; };
		BDE7623D1BD18362008B74F7 /* RecordViewController.swift in Sources */ = {isa = PBXBuildFile; fileRef = BDE762321BD18362008B74F7 /* RecordViewController.swift */; };
		BDE762411BD1840A008B74F7 /* Upload-50r.png in Resources */ = {isa = PBXBuildFile; fileRef = BDE762401BD1840A008B74F7 /* Upload-50r.png */; };
/* End PBXBuildFile section */

/* Begin PBXContainerItemProxy section */
		BD762F7C1BD17BDD003AEA6E /* PBXContainerItemProxy */ = {
			isa = PBXContainerItemProxy;
			containerPortal = BD762F5F1BD17BDD003AEA6E /* Project object */;
			proxyType = 1;
			remoteGlobalIDString = BD762F661BD17BDD003AEA6E;
			remoteInfo = "Home Movies";
		};
		BD762F871BD17BDD003AEA6E /* PBXContainerItemProxy */ = {
			isa = PBXContainerItemProxy;
			containerPortal = BD762F5F1BD17BDD003AEA6E /* Project object */;
			proxyType = 1;
			remoteGlobalIDString = BD762F661BD17BDD003AEA6E;
			remoteInfo = "Home Movies";
		};
/* End PBXContainerItemProxy section */

/* Begin PBXFileReference section */
		0C4A5C47FBCB561A64495A14 /* Pods-Home Movies.debug.xcconfig */ = {isa = PBXFileReference; includeInIndex = 1; lastKnownFileType = text.xcconfig; name = "Pods-Home Movies.debug.xcconfig"; path = "Pods/Target Support Files/Pods-Home Movies/Pods-Home Movies.debug.xcconfig"; sourceTree = "<group>"; };
		7855FC201C87AFC800704231 /* VideoPlayerController.swift */ = {isa = PBXFileReference; fileEncoding = 4; lastKnownFileType = sourcecode.swift; path = VideoPlayerController.swift; sourceTree = "<group>"; };
		78D7629E1C85E00500797980 /* AVFoundation.framework */ = {isa = PBXFileReference; lastKnownFileType = wrapper.framework; name = AVFoundation.framework; path = System/Library/Frameworks/AVFoundation.framework; sourceTree = SDKROOT; };
		BBD7CB34B83BADD8DC5210A0 /* Pods-Home Movies.release.xcconfig */ = {isa = PBXFileReference; includeInIndex = 1; lastKnownFileType = text.xcconfig; name = "Pods-Home Movies.release.xcconfig"; path = "Pods/Target Support Files/Pods-Home Movies/Pods-Home Movies.release.xcconfig"; sourceTree = "<group>"; };
		BD1B09AA1C5E97B6007F4A06 /* iphone6p.mov */ = {isa = PBXFileReference; lastKnownFileType = video.quicktime; path = iphone6p.mov; sourceTree = "<group>"; };
		BD1B09AC1C5E994B007F4A06 /* iphone6.mov */ = {isa = PBXFileReference; lastKnownFileType = video.quicktime; path = iphone6.mov; sourceTree = "<group>"; };
		BD1B09AE1C5E9977007F4A06 /* iphone5.mov */ = {isa = PBXFileReference; lastKnownFileType = video.quicktime; path = iphone5.mov; sourceTree = "<group>"; };
		BD1B09B01C5E99A7007F4A06 /* iphone4sbelow.mov */ = {isa = PBXFileReference; lastKnownFileType = video.quicktime; path = iphone4sbelow.mov; sourceTree = "<group>"; };
		BD762F671BD17BDD003AEA6E /* Home Movies.app */ = {isa = PBXFileReference; explicitFileType = wrapper.application; includeInIndex = 0; path = "Home Movies.app"; sourceTree = BUILT_PRODUCTS_DIR; };
		BD762F711BD17BDD003AEA6E /* Assets.xcassets */ = {isa = PBXFileReference; lastKnownFileType = folder.assetcatalog; path = Assets.xcassets; sourceTree = "<group>"; };
		BD762F741BD17BDD003AEA6E /* Base */ = {isa = PBXFileReference; lastKnownFileType = file.storyboard; name = Base; path = Base.lproj/LaunchScreen.storyboard; sourceTree = "<group>"; };
		BD762F761BD17BDD003AEA6E /* Info.plist */ = {isa = PBXFileReference; lastKnownFileType = text.plist.xml; path = Info.plist; sourceTree = "<group>"; };
		BD762F7B1BD17BDD003AEA6E /* Home MoviesTests.xctest */ = {isa = PBXFileReference; explicitFileType = wrapper.cfbundle; includeInIndex = 0; path = "Home MoviesTests.xctest"; sourceTree = BUILT_PRODUCTS_DIR; };
		BD762F7F1BD17BDD003AEA6E /* Home_MoviesTests.swift */ = {isa = PBXFileReference; lastKnownFileType = sourcecode.swift; path = Home_MoviesTests.swift; sourceTree = "<group>"; };
		BD762F811BD17BDD003AEA6E /* Info.plist */ = {isa = PBXFileReference; lastKnownFileType = text.plist.xml; path = Info.plist; sourceTree = "<group>"; };
		BD762F861BD17BDD003AEA6E /* Home MoviesUITests.xctest */ = {isa = PBXFileReference; explicitFileType = wrapper.cfbundle; includeInIndex = 0; path = "Home MoviesUITests.xctest"; sourceTree = BUILT_PRODUCTS_DIR; };
		BD762F8A1BD17BDD003AEA6E /* Home_MoviesUITests.swift */ = {isa = PBXFileReference; lastKnownFileType = sourcecode.swift; path = Home_MoviesUITests.swift; sourceTree = "<group>"; };
		BD762F8C1BD17BDD003AEA6E /* Info.plist */ = {isa = PBXFileReference; lastKnownFileType = text.plist.xml; path = Info.plist; sourceTree = "<group>"; };
		BD92A0581C44061B008ABFC5 /* HomeViewController.swift */ = {isa = PBXFileReference; fileEncoding = 4; lastKnownFileType = sourcecode.swift; path = HomeViewController.swift; sourceTree = "<group>"; };
		BD92A05C1C440755008ABFC5 /* Home.storyboard */ = {isa = PBXFileReference; fileEncoding = 4; lastKnownFileType = file.storyboard; path = Home.storyboard; sourceTree = "<group>"; };
		BDE762281BD18362008B74F7 /* AppDelegate.swift */ = {isa = PBXFileReference; fileEncoding = 4; lastKnownFileType = sourcecode.swift; path = AppDelegate.swift; sourceTree = "<group>"; };
		BDE7622D1BD18362008B74F7 /* RecordButtonView.swift */ = {isa = PBXFileReference; fileEncoding = 4; lastKnownFileType = sourcecode.swift; path = RecordButtonView.swift; sourceTree = "<group>"; };
		BDE7622E1BD18362008B74F7 /* UIDeviceExtension.swift */ = {isa = PBXFileReference; fileEncoding = 4; lastKnownFileType = sourcecode.swift; path = UIDeviceExtension.swift; sourceTree = "<group>"; };
		BDE7622F1BD18362008B74F7 /* Upload-50.png */ = {isa = PBXFileReference; lastKnownFileType = image.png; path = "Upload-50.png"; sourceTree = "<group>"; };
		BDE762301BD18362008B74F7 /* Utils.swift */ = {isa = PBXFileReference; fileEncoding = 4; lastKnownFileType = sourcecode.swift; path = Utils.swift; sourceTree = "<group>"; };
		BDE762311BD18362008B74F7 /* VideoView.swift */ = {isa = PBXFileReference; fileEncoding = 4; lastKnownFileType = sourcecode.swift; path = VideoView.swift; sourceTree = "<group>"; };
		BDE762321BD18362008B74F7 /* RecordViewController.swift */ = {isa = PBXFileReference; fileEncoding = 4; lastKnownFileType = sourcecode.swift; path = RecordViewController.swift; sourceTree = "<group>"; };
		BDE7623E1BD1839D008B74F7 /* Record.storyboard */ = {isa = PBXFileReference; fileEncoding = 4; lastKnownFileType = file.storyboard; path = Record.storyboard; sourceTree = "<group>"; };
		BDE762401BD1840A008B74F7 /* Upload-50r.png */ = {isa = PBXFileReference; lastKnownFileType = image.png; path = "Upload-50r.png"; sourceTree = "<group>"; };
		D9247002F4AE63EFAD8A5645 /* Pods_Home_Movies.framework */ = {isa = PBXFileReference; explicitFileType = wrapper.framework; includeInIndex = 0; path = Pods_Home_Movies.framework; sourceTree = BUILT_PRODUCTS_DIR; };
/* End PBXFileReference section */

/* Begin PBXFrameworksBuildPhase section */
		BD762F641BD17BDD003AEA6E /* Frameworks */ = {
			isa = PBXFrameworksBuildPhase;
			buildActionMask = 2147483647;
			files = (
				78D7629F1C85E00500797980 /* AVFoundation.framework in Frameworks */,
				6BE4CB150363EE805A66A7C1 /* Pods_Home_Movies.framework in Frameworks */,
			);
			runOnlyForDeploymentPostprocessing = 0;
		};
		BD762F781BD17BDD003AEA6E /* Frameworks */ = {
			isa = PBXFrameworksBuildPhase;
			buildActionMask = 2147483647;
			files = (
			);
			runOnlyForDeploymentPostprocessing = 0;
		};
		BD762F831BD17BDD003AEA6E /* Frameworks */ = {
			isa = PBXFrameworksBuildPhase;
			buildActionMask = 2147483647;
			files = (
			);
			runOnlyForDeploymentPostprocessing = 0;
		};
/* End PBXFrameworksBuildPhase section */

/* Begin PBXGroup section */
		215CED9FC200B072B63DFB3E /* Pods */ = {
			isa = PBXGroup;
			children = (
				0C4A5C47FBCB561A64495A14 /* Pods-Home Movies.debug.xcconfig */,
				BBD7CB34B83BADD8DC5210A0 /* Pods-Home Movies.release.xcconfig */,
			);
			name = Pods;
			sourceTree = "<group>";
		};
		741C9CB4E62DA9AB27402F86 /* Frameworks */ = {
			isa = PBXGroup;
			children = (
				D9247002F4AE63EFAD8A5645 /* Pods_Home_Movies.framework */,
			);
			name = Frameworks;
			sourceTree = "<group>";
		};
		78D7629A1C85DBFB00797980 /* assets */ = {
			isa = PBXGroup;
			children = (
				BD1B09AE1C5E9977007F4A06 /* iphone5.mov */,
				BD1B09B01C5E99A7007F4A06 /* iphone4sbelow.mov */,
				BD1B09AC1C5E994B007F4A06 /* iphone6.mov */,
				BD1B09AA1C5E97B6007F4A06 /* iphone6p.mov */,
				BDE7622F1BD18362008B74F7 /* Upload-50.png */,
				BDE762401BD1840A008B74F7 /* Upload-50r.png */,
			);
			name = assets;
			sourceTree = "<group>";
		};
		78D7629B1C85DC6E00797980 /* Home */ = {
			isa = PBXGroup;
			children = (
				BD92A05C1C440755008ABFC5 /* Home.storyboard */,
				BD92A0581C44061B008ABFC5 /* HomeViewController.swift */,
			);
			name = Home;
			sourceTree = "<group>";
		};
		78D7629C1C85DC7400797980 /* Record */ = {
			isa = PBXGroup;
			children = (
				BDE7623E1BD1839D008B74F7 /* Record.storyboard */,
				BDE762321BD18362008B74F7 /* RecordViewController.swift */,
				BDE762311BD18362008B74F7 /* VideoView.swift */,
				7855FC201C87AFC800704231 /* VideoPlayerController.swift */,
				BDE7622D1BD18362008B74F7 /* RecordButtonView.swift */,
			);
			name = Record;
			sourceTree = "<group>";
		};
		78D7629D1C85DC8300797980 /* Lib */ = {
			isa = PBXGroup;
			children = (
				BDE7622E1BD18362008B74F7 /* UIDeviceExtension.swift */,
				BDE762301BD18362008B74F7 /* Utils.swift */,
			);
			name = Lib;
			sourceTree = "<group>";
		};
		BD762F5E1BD17BDD003AEA6E = {
			isa = PBXGroup;
			children = (
				78D7629E1C85E00500797980 /* AVFoundation.framework */,
				BD762F691BD17BDD003AEA6E /* Home Movies */,
				BD762F7E1BD17BDD003AEA6E /* Home MoviesTests */,
				BD762F891BD17BDD003AEA6E /* Home MoviesUITests */,
				BD762F681BD17BDD003AEA6E /* Products */,
				215CED9FC200B072B63DFB3E /* Pods */,
				741C9CB4E62DA9AB27402F86 /* Frameworks */,
			);
			sourceTree = "<group>";
		};
		BD762F681BD17BDD003AEA6E /* Products */ = {
			isa = PBXGroup;
			children = (
				BD762F671BD17BDD003AEA6E /* Home Movies.app */,
				BD762F7B1BD17BDD003AEA6E /* Home MoviesTests.xctest */,
				BD762F861BD17BDD003AEA6E /* Home MoviesUITests.xctest */,
			);
			name = Products;
			sourceTree = "<group>";
		};
		BD762F691BD17BDD003AEA6E /* Home Movies */ = {
			isa = PBXGroup;
			children = (
				78D7629B1C85DC6E00797980 /* Home */,
				78D7629C1C85DC7400797980 /* Record */,
				78D7629D1C85DC8300797980 /* Lib */,
				BD762F711BD17BDD003AEA6E /* Assets.xcassets */,
				78D7629A1C85DBFB00797980 /* assets */,
				BDE762281BD18362008B74F7 /* AppDelegate.swift */,
				BD762F731BD17BDD003AEA6E /* LaunchScreen.storyboard */,
				BD762F761BD17BDD003AEA6E /* Info.plist */,
			);
			path = "Home Movies";
			sourceTree = "<group>";
		};
		BD762F7E1BD17BDD003AEA6E /* Home MoviesTests */ = {
			isa = PBXGroup;
			children = (
				BD762F7F1BD17BDD003AEA6E /* Home_MoviesTests.swift */,
				BD762F811BD17BDD003AEA6E /* Info.plist */,
			);
			path = "Home MoviesTests";
			sourceTree = "<group>";
		};
		BD762F891BD17BDD003AEA6E /* Home MoviesUITests */ = {
			isa = PBXGroup;
			children = (
				BD762F8A1BD17BDD003AEA6E /* Home_MoviesUITests.swift */,
				BD762F8C1BD17BDD003AEA6E /* Info.plist */,
			);
			path = "Home MoviesUITests";
			sourceTree = "<group>";
		};
/* End PBXGroup section */

/* Begin PBXNativeTarget section */
		BD762F661BD17BDD003AEA6E /* Home Movies */ = {
			isa = PBXNativeTarget;
			buildConfigurationList = BD762F8F1BD17BDD003AEA6E /* Build configuration list for PBXNativeTarget "Home Movies" */;
			buildPhases = (
				94C62AFB90DF71B21E798841 /* Check Pods Manifest.lock */,
				BD762F631BD17BDD003AEA6E /* Sources */,
				BD762F641BD17BDD003AEA6E /* Frameworks */,
				BD762F651BD17BDD003AEA6E /* Resources */,
				4A4EA5606CC3A84F83D171FE /* Embed Pods Frameworks */,
				86E9FE2C485C51755640CEAA /* Copy Pods Resources */,
				782A06691CAAE83C004AFE92 /* ShellScript */,
			);
			buildRules = (
			);
			dependencies = (
			);
			name = "Home Movies";
			productName = "Home Movies";
			productReference = BD762F671BD17BDD003AEA6E /* Home Movies.app */;
			productType = "com.apple.product-type.application";
		};
		BD762F7A1BD17BDD003AEA6E /* Home MoviesTests */ = {
			isa = PBXNativeTarget;
			buildConfigurationList = BD762F921BD17BDD003AEA6E /* Build configuration list for PBXNativeTarget "Home MoviesTests" */;
			buildPhases = (
				BD762F771BD17BDD003AEA6E /* Sources */,
				BD762F781BD17BDD003AEA6E /* Frameworks */,
				BD762F791BD17BDD003AEA6E /* Resources */,
			);
			buildRules = (
			);
			dependencies = (
				BD762F7D1BD17BDD003AEA6E /* PBXTargetDependency */,
			);
			name = "Home MoviesTests";
			productName = "Home MoviesTests";
			productReference = BD762F7B1BD17BDD003AEA6E /* Home MoviesTests.xctest */;
			productType = "com.apple.product-type.bundle.unit-test";
		};
		BD762F851BD17BDD003AEA6E /* Home MoviesUITests */ = {
			isa = PBXNativeTarget;
			buildConfigurationList = BD762F951BD17BDD003AEA6E /* Build configuration list for PBXNativeTarget "Home MoviesUITests" */;
			buildPhases = (
				BD762F821BD17BDD003AEA6E /* Sources */,
				BD762F831BD17BDD003AEA6E /* Frameworks */,
				BD762F841BD17BDD003AEA6E /* Resources */,
			);
			buildRules = (
			);
			dependencies = (
				BD762F881BD17BDD003AEA6E /* PBXTargetDependency */,
			);
			name = "Home MoviesUITests";
			productName = "Home MoviesUITests";
			productReference = BD762F861BD17BDD003AEA6E /* Home MoviesUITests.xctest */;
			productType = "com.apple.product-type.bundle.ui-testing";
		};
/* End PBXNativeTarget section */

/* Begin PBXProject section */
		BD762F5F1BD17BDD003AEA6E /* Project object */ = {
			isa = PBXProject;
			attributes = {
				LastSwiftUpdateCheck = 0700;
				LastUpgradeCheck = 0720;
				ORGANIZATIONNAME = HomeMoviesDev;
				TargetAttributes = {
					BD762F661BD17BDD003AEA6E = {
						CreatedOnToolsVersion = 7.0;
						DevelopmentTeam = G8R2KJ59DE;
					};
					BD762F7A1BD17BDD003AEA6E = {
						CreatedOnToolsVersion = 7.0;
						TestTargetID = BD762F661BD17BDD003AEA6E;
					};
					BD762F851BD17BDD003AEA6E = {
						CreatedOnToolsVersion = 7.0;
						TestTargetID = BD762F661BD17BDD003AEA6E;
					};
				};
			};
			buildConfigurationList = BD762F621BD17BDD003AEA6E /* Build configuration list for PBXProject "Home Movies" */;
			compatibilityVersion = "Xcode 3.2";
			developmentRegion = English;
			hasScannedForEncodings = 0;
			knownRegions = (
				en,
				Base,
			);
			mainGroup = BD762F5E1BD17BDD003AEA6E;
			productRefGroup = BD762F681BD17BDD003AEA6E /* Products */;
			projectDirPath = "";
			projectRoot = "";
			targets = (
				BD762F661BD17BDD003AEA6E /* Home Movies */,
				BD762F7A1BD17BDD003AEA6E /* Home MoviesTests */,
				BD762F851BD17BDD003AEA6E /* Home MoviesUITests */,
			);
		};
/* End PBXProject section */

/* Begin PBXResourcesBuildPhase section */
		BD762F651BD17BDD003AEA6E /* Resources */ = {
			isa = PBXResourcesBuildPhase;
			buildActionMask = 2147483647;
			files = (
				7855FC231C87B6AF00704231 /* Record.storyboard in Resources */,
				7855FC221C87B6AA00704231 /* Home.storyboard in Resources */,
				BDE7623A1BD18362008B74F7 /* Upload-50.png in Resources */,
				BD1B09B11C5E99A7007F4A06 /* iphone4sbelow.mov in Resources */,
				BD1B09AB1C5E97B6007F4A06 /* iphone6p.mov in Resources */,
				BD1B09AF1C5E9977007F4A06 /* iphone5.mov in Resources */,
				BD762F751BD17BDD003AEA6E /* LaunchScreen.storyboard in Resources */,
				BD762F721BD17BDD003AEA6E /* Assets.xcassets in Resources */,
				BD1B09AD1C5E994C007F4A06 /* iphone6.mov in Resources */,
				BDE762411BD1840A008B74F7 /* Upload-50r.png in Resources */,
			);
			runOnlyForDeploymentPostprocessing = 0;
		};
		BD762F791BD17BDD003AEA6E /* Resources */ = {
			isa = PBXResourcesBuildPhase;
			buildActionMask = 2147483647;
			files = (
			);
			runOnlyForDeploymentPostprocessing = 0;
		};
		BD762F841BD17BDD003AEA6E /* Resources */ = {
			isa = PBXResourcesBuildPhase;
			buildActionMask = 2147483647;
			files = (
			);
			runOnlyForDeploymentPostprocessing = 0;
		};
/* End PBXResourcesBuildPhase section */

/* Begin PBXShellScriptBuildPhase section */
		4A4EA5606CC3A84F83D171FE /* Embed Pods Frameworks */ = {
			isa = PBXShellScriptBuildPhase;
			buildActionMask = 2147483647;
			files = (
			);
			inputPaths = (
			);
			name = "Embed Pods Frameworks";
			outputPaths = (
			);
			runOnlyForDeploymentPostprocessing = 0;
			shellPath = /bin/sh;
			shellScript = "\"${SRCROOT}/Pods/Target Support Files/Pods-Home Movies/Pods-Home Movies-frameworks.sh\"\n";
			showEnvVarsInLog = 0;
		};
		782A06691CAAE83C004AFE92 /* ShellScript */ = {
			isa = PBXShellScriptBuildPhase;
			buildActionMask = 2147483647;
			files = (
			);
			inputPaths = (
			);
			outputPaths = (
			);
			runOnlyForDeploymentPostprocessing = 0;
			shellPath = /bin/sh;
			shellScript = "\"${PODS_ROOT}/Fabric/run\" 6a09c19815c2f7f42d12f74f97f8f87c0f139e62 d29b37ba3305e7a136158c7684175a69995c401705890454f260b5b758d91816";
		};
		86E9FE2C485C51755640CEAA /* Copy Pods Resources */ = {
			isa = PBXShellScriptBuildPhase;
			buildActionMask = 2147483647;
			files = (
			);
			inputPaths = (
			);
			name = "Copy Pods Resources";
			outputPaths = (
			);
			runOnlyForDeploymentPostprocessing = 0;
			shellPath = /bin/sh;
			shellScript = "\"${SRCROOT}/Pods/Target Support Files/Pods-Home Movies/Pods-Home Movies-resources.sh\"\n";
			showEnvVarsInLog = 0;
		};
		94C62AFB90DF71B21E798841 /* Check Pods Manifest.lock */ = {
			isa = PBXShellScriptBuildPhase;
			buildActionMask = 2147483647;
			files = (
			);
			inputPaths = (
			);
			name = "Check Pods Manifest.lock";
			outputPaths = (
			);
			runOnlyForDeploymentPostprocessing = 0;
			shellPath = /bin/sh;
			shellScript = "diff \"${PODS_ROOT}/../Podfile.lock\" \"${PODS_ROOT}/Manifest.lock\" > /dev/null\nif [[ $? != 0 ]] ; then\n    cat << EOM\nerror: The sandbox is not in sync with the Podfile.lock. Run 'pod install' or update your CocoaPods installation.\nEOM\n    exit 1\nfi\n";
			showEnvVarsInLog = 0;
		};
/* End PBXShellScriptBuildPhase section */

/* Begin PBXSourcesBuildPhase section */
		BD762F631BD17BDD003AEA6E /* Sources */ = {
			isa = PBXSourcesBuildPhase;
			buildActionMask = 2147483647;
			files = (
				BDE7623D1BD18362008B74F7 /* RecordViewController.swift in Sources */,
				BDE762391BD18362008B74F7 /* UIDeviceExtension.swift in Sources */,
				BDE762331BD18362008B74F7 /* AppDelegate.swift in Sources */,
				BDE7623C1BD18362008B74F7 /* VideoView.swift in Sources */,
				BDE762381BD18362008B74F7 /* RecordButtonView.swift in Sources */,
				BD92A0591C44061B008ABFC5 /* HomeViewController.swift in Sources */,
				7855FC211C87AFC800704231 /* VideoPlayerController.swift in Sources */,
				BDE7623B1BD18362008B74F7 /* Utils.swift in Sources */,
			);
			runOnlyForDeploymentPostprocessing = 0;
		};
		BD762F771BD17BDD003AEA6E /* Sources */ = {
			isa = PBXSourcesBuildPhase;
			buildActionMask = 2147483647;
			files = (
				BD762F801BD17BDD003AEA6E /* Home_MoviesTests.swift in Sources */,
			);
			runOnlyForDeploymentPostprocessing = 0;
		};
		BD762F821BD17BDD003AEA6E /* Sources */ = {
			isa = PBXSourcesBuildPhase;
			buildActionMask = 2147483647;
			files = (
				BD762F8B1BD17BDD003AEA6E /* Home_MoviesUITests.swift in Sources */,
			);
			runOnlyForDeploymentPostprocessing = 0;
		};
/* End PBXSourcesBuildPhase section */

/* Begin PBXTargetDependency section */
		BD762F7D1BD17BDD003AEA6E /* PBXTargetDependency */ = {
			isa = PBXTargetDependency;
			target = BD762F661BD17BDD003AEA6E /* Home Movies */;
			targetProxy = BD762F7C1BD17BDD003AEA6E /* PBXContainerItemProxy */;
		};
		BD762F881BD17BDD003AEA6E /* PBXTargetDependency */ = {
			isa = PBXTargetDependency;
			target = BD762F661BD17BDD003AEA6E /* Home Movies */;
			targetProxy = BD762F871BD17BDD003AEA6E /* PBXContainerItemProxy */;
		};
/* End PBXTargetDependency section */

/* Begin PBXVariantGroup section */
		BD762F731BD17BDD003AEA6E /* LaunchScreen.storyboard */ = {
			isa = PBXVariantGroup;
			children = (
				BD762F741BD17BDD003AEA6E /* Base */,
			);
			name = LaunchScreen.storyboard;
			sourceTree = "<group>";
		};
/* End PBXVariantGroup section */

/* Begin XCBuildConfiguration section */
		BD762F8D1BD17BDD003AEA6E /* Debug */ = {
			isa = XCBuildConfiguration;
			buildSettings = {
				ALWAYS_SEARCH_USER_PATHS = NO;
				CLANG_CXX_LANGUAGE_STANDARD = "gnu++0x";
				CLANG_CXX_LIBRARY = "libc++";
				CLANG_ENABLE_MODULES = YES;
				CLANG_ENABLE_OBJC_ARC = YES;
				CLANG_WARN_BOOL_CONVERSION = YES;
				CLANG_WARN_CONSTANT_CONVERSION = YES;
				CLANG_WARN_DIRECT_OBJC_ISA_USAGE = YES_ERROR;
				CLANG_WARN_EMPTY_BODY = YES;
				CLANG_WARN_ENUM_CONVERSION = YES;
				CLANG_WARN_INT_CONVERSION = YES;
				CLANG_WARN_OBJC_ROOT_CLASS = YES_ERROR;
				CLANG_WARN_UNREACHABLE_CODE = YES;
				CLANG_WARN__DUPLICATE_METHOD_MATCH = YES;
				"CODE_SIGN_IDENTITY[sdk=iphoneos*]" = "iPhone Developer";
				COPY_PHASE_STRIP = NO;
				DEBUG_INFORMATION_FORMAT = dwarf;
				ENABLE_STRICT_OBJC_MSGSEND = YES;
				ENABLE_TESTABILITY = YES;
				GCC_C_LANGUAGE_STANDARD = gnu99;
				GCC_DYNAMIC_NO_PIC = NO;
				GCC_NO_COMMON_BLOCKS = YES;
				GCC_OPTIMIZATION_LEVEL = 0;
				GCC_PREPROCESSOR_DEFINITIONS = (
					"DEBUG=1",
					"$(inherited)",
				);
				GCC_WARN_64_TO_32_BIT_CONVERSION = YES;
				GCC_WARN_ABOUT_RETURN_TYPE = YES_ERROR;
				GCC_WARN_UNDECLARED_SELECTOR = YES;
				GCC_WARN_UNINITIALIZED_AUTOS = YES_AGGRESSIVE;
				GCC_WARN_UNUSED_FUNCTION = YES;
				GCC_WARN_UNUSED_VARIABLE = YES;
				IPHONEOS_DEPLOYMENT_TARGET = 9.0;
				MTL_ENABLE_DEBUG_INFO = YES;
				ONLY_ACTIVE_ARCH = YES;
				SDKROOT = iphoneos;
				SWIFT_OPTIMIZATION_LEVEL = "-Onone";
			};
			name = Debug;
		};
		BD762F8E1BD17BDD003AEA6E /* Release */ = {
			isa = XCBuildConfiguration;
			buildSettings = {
				ALWAYS_SEARCH_USER_PATHS = NO;
				CLANG_CXX_LANGUAGE_STANDARD = "gnu++0x";
				CLANG_CXX_LIBRARY = "libc++";
				CLANG_ENABLE_MODULES = YES;
				CLANG_ENABLE_OBJC_ARC = YES;
				CLANG_WARN_BOOL_CONVERSION = YES;
				CLANG_WARN_CONSTANT_CONVERSION = YES;
				CLANG_WARN_DIRECT_OBJC_ISA_USAGE = YES_ERROR;
				CLANG_WARN_EMPTY_BODY = YES;
				CLANG_WARN_ENUM_CONVERSION = YES;
				CLANG_WARN_INT_CONVERSION = YES;
				CLANG_WARN_OBJC_ROOT_CLASS = YES_ERROR;
				CLANG_WARN_UNREACHABLE_CODE = YES;
				CLANG_WARN__DUPLICATE_METHOD_MATCH = YES;
				"CODE_SIGN_IDENTITY[sdk=iphoneos*]" = "iPhone Developer";
				COPY_PHASE_STRIP = NO;
				DEBUG_INFORMATION_FORMAT = "dwarf-with-dsym";
				ENABLE_NS_ASSERTIONS = NO;
				ENABLE_STRICT_OBJC_MSGSEND = YES;
				GCC_C_LANGUAGE_STANDARD = gnu99;
				GCC_NO_COMMON_BLOCKS = YES;
				GCC_WARN_64_TO_32_BIT_CONVERSION = YES;
				GCC_WARN_ABOUT_RETURN_TYPE = YES_ERROR;
				GCC_WARN_UNDECLARED_SELECTOR = YES;
				GCC_WARN_UNINITIALIZED_AUTOS = YES_AGGRESSIVE;
				GCC_WARN_UNUSED_FUNCTION = YES;
				GCC_WARN_UNUSED_VARIABLE = YES;
				IPHONEOS_DEPLOYMENT_TARGET = 9.0;
				MTL_ENABLE_DEBUG_INFO = NO;
				SDKROOT = iphoneos;
				VALIDATE_PRODUCT = YES;
			};
			name = Release;
		};
		BD762F901BD17BDD003AEA6E /* Debug */ = {
			isa = XCBuildConfiguration;
			baseConfigurationReference = 0C4A5C47FBCB561A64495A14 /* Pods-Home Movies.debug.xcconfig */;
			buildSettings = {
				ASSETCATALOG_COMPILER_APPICON_NAME = AppIcon;
				CLANG_ENABLE_MODULES = YES;
				CODE_SIGN_IDENTITY = "iPhone Developer";
				DEBUG_INFORMATION_FORMAT = "dwarf-with-dsym";
				INFOPLIST_FILE = "Home Movies/Info.plist";
				IPHONEOS_DEPLOYMENT_TARGET = 8.0;
				LD_RUNPATH_SEARCH_PATHS = "$(inherited) @executable_path/Frameworks";
				PRODUCT_BUNDLE_IDENTIFIER = com.homemoviesapp.homemovies;
				PRODUCT_NAME = "$(TARGET_NAME)";
				SWIFT_OPTIMIZATION_LEVEL = "-Onone";
				TARGETED_DEVICE_FAMILY = 1;
			};
			name = Debug;
		};
		BD762F911BD17BDD003AEA6E /* Release */ = {
			isa = XCBuildConfiguration;
			baseConfigurationReference = BBD7CB34B83BADD8DC5210A0 /* Pods-Home Movies.release.xcconfig */;
			buildSettings = {
				ASSETCATALOG_COMPILER_APPICON_NAME = AppIcon;
				CLANG_ENABLE_MODULES = YES;
				CODE_SIGN_IDENTITY = "iPhone Developer";
				DEBUG_INFORMATION_FORMAT = "dwarf-with-dsym";
				INFOPLIST_FILE = "Home Movies/Info.plist";
				IPHONEOS_DEPLOYMENT_TARGET = 8.0;
				LD_RUNPATH_SEARCH_PATHS = "$(inherited) @executable_path/Frameworks";
				PRODUCT_BUNDLE_IDENTIFIER = com.homemoviesapp.homemovies;
				PRODUCT_NAME = "$(TARGET_NAME)";
				TARGETED_DEVICE_FAMILY = 1;
			};
			name = Release;
		};
		BD762F931BD17BDD003AEA6E /* Debug */ = {
			isa = XCBuildConfiguration;
			buildSettings = {
				BUNDLE_LOADER = "$(TEST_HOST)";
				INFOPLIST_FILE = "Home MoviesTests/Info.plist";
				LD_RUNPATH_SEARCH_PATHS = "$(inherited) @executable_path/Frameworks @loader_path/Frameworks";
				PRODUCT_BUNDLE_IDENTIFIER = "com.home.movies.Home-MoviesTests";
				PRODUCT_NAME = "$(TARGET_NAME)";
				TEST_HOST = "$(BUILT_PRODUCTS_DIR)/Home Movies.app/Home Movies";
			};
			name = Debug;
		};
		BD762F941BD17BDD003AEA6E /* Release */ = {
			isa = XCBuildConfiguration;
			buildSettings = {
				BUNDLE_LOADER = "$(TEST_HOST)";
				INFOPLIST_FILE = "Home MoviesTests/Info.plist";
				LD_RUNPATH_SEARCH_PATHS = "$(inherited) @executable_path/Frameworks @loader_path/Frameworks";
				PRODUCT_BUNDLE_IDENTIFIER = "com.home.movies.Home-MoviesTests";
				PRODUCT_NAME = "$(TARGET_NAME)";
				TEST_HOST = "$(BUILT_PRODUCTS_DIR)/Home Movies.app/Home Movies";
			};
			name = Release;
		};
		BD762F961BD17BDD003AEA6E /* Debug */ = {
			isa = XCBuildConfiguration;
			buildSettings = {
				INFOPLIST_FILE = "Home MoviesUITests/Info.plist";
				LD_RUNPATH_SEARCH_PATHS = "$(inherited) @executable_path/Frameworks @loader_path/Frameworks";
				PRODUCT_BUNDLE_IDENTIFIER = "com.home.movies.Home-MoviesUITests";
				PRODUCT_NAME = "$(TARGET_NAME)";
				TEST_TARGET_NAME = "Home Movies";
				USES_XCTRUNNER = YES;
			};
			name = Debug;
		};
		BD762F971BD17BDD003AEA6E /* Release */ = {
			isa = XCBuildConfiguration;
			buildSettings = {
				INFOPLIST_FILE = "Home MoviesUITests/Info.plist";
				LD_RUNPATH_SEARCH_PATHS = "$(inherited) @executable_path/Frameworks @loader_path/Frameworks";
				PRODUCT_BUNDLE_IDENTIFIER = "com.home.movies.Home-MoviesUITests";
				PRODUCT_NAME = "$(TARGET_NAME)";
				TEST_TARGET_NAME = "Home Movies";
				USES_XCTRUNNER = YES;
			};
			name = Release;
		};
/* End XCBuildConfiguration section */

/* Begin XCConfigurationList section */
		BD762F621BD17BDD003AEA6E /* Build configuration list for PBXProject "Home Movies" */ = {
			isa = XCConfigurationList;
			buildConfigurations = (
				BD762F8D1BD17BDD003AEA6E /* Debug */,
				BD762F8E1BD17BDD003AEA6E /* Release */,
			);
			defaultConfigurationIsVisible = 0;
			defaultConfigurationName = Release;
		};
		BD762F8F1BD17BDD003AEA6E /* Build configuration list for PBXNativeTarget "Home Movies" */ = {
			isa = XCConfigurationList;
			buildConfigurations = (
				BD762F901BD17BDD003AEA6E /* Debug */,
				BD762F911BD17BDD003AEA6E /* Release */,
			);
			defaultConfigurationIsVisible = 0;
			defaultConfigurationName = Release;
		};
		BD762F921BD17BDD003AEA6E /* Build configuration list for PBXNativeTarget "Home MoviesTests" */ = {
			isa = XCConfigurationList;
			buildConfigurations = (
				BD762F931BD17BDD003AEA6E /* Debug */,
				BD762F941BD17BDD003AEA6E /* Release */,
			);
			defaultConfigurationIsVisible = 0;
			defaultConfigurationName = Release;
		};
		BD762F951BD17BDD003AEA6E /* Build configuration list for PBXNativeTarget "Home MoviesUITests" */ = {
			isa = XCConfigurationList;
			buildConfigurations = (
				BD762F961BD17BDD003AEA6E /* Debug */,
				BD762F971BD17BDD003AEA6E /* Release */,
			);
			defaultConfigurationIsVisible = 0;
			defaultConfigurationName = Release;
		};
/* End XCConfigurationList section */
	};
	rootObject = BD762F5F1BD17BDD003AEA6E /* Project object */;
}
